
Microsoft Visual Studio Solution File, Format Version 12.00
# Visual Studio Version 17
VisualStudioVersion = 17.13.35806.99 d17.13
MinimumVisualStudioVersion = 10.0.40219.1
Project("{FAE04EC0-301F-11D3-BF4B-00C04F79EFBC}") = "ChatClient", "ChatApp\ChatClient.csproj", "{3C1A1352-283C-495B-B1DF-285EF3D6A7FC}"
EndProject
Project("{FAE04EC0-301F-11D3-BF4B-00C04F79EFBC}") = "ChatServer", "ChatServer\ChatServer.csproj", "{9C49F25F-E06E-4090-9A87-89431E0C6933}"
EndProject
Global
	GlobalSection(SolutionConfigurationPlatforms) = preSolution
		Debug|Any CPU = Debug|Any CPU
		Release|Any CPU = Release|Any CPU
	EndGlobalSection
	GlobalSection(ProjectConfigurationPlatforms) = postSolution
		{3C1A1352-283C-495B-B1DF-285EF3D6A7FC}.Debug|Any CPU.ActiveCfg = Debug|Any CPU
		{3C1A1352-283C-495B-B1DF-285EF3D6A7FC}.Debug|Any CPU.Build.0 = Debug|Any CPU
		{3C1A1352-283C-495B-B1DF-285EF3D6A7FC}.Release|Any CPU.ActiveCfg = Release|Any CPU
		{3C1A1352-283C-495B-B1DF-285EF3D6A7FC}.Release|Any CPU.Build.0 = Release|Any CPU
		{9C49F25F-E06E-4090-9A87-89431E0C6933}.Debug|Any CPU.ActiveCfg = Debug|Any CPU
		{9C49F25F-E06E-4090-9A87-89431E0C6933}.Debug|Any CPU.Build.0 = Debug|Any CPU
		{9C49F25F-E06E-4090-9A87-89431E0C6933}.Release|Any CPU.ActiveCfg = Release|Any CPU
		{9C49F25F-E06E-4090-9A87-89431E0C6933}.Release|Any CPU.Build.0 = Release|Any CPU
	EndGlobalSection
	GlobalSection(SolutionProperties) = preSolution
		HideSolutionNode = FALSE
	EndGlobalSection
	GlobalSection(ExtensibilityGlobals) = postSolution
		SolutionGuid = {55F3EA8C-FCCE-4CF7-B4C7-66F08A30C83C}
	EndGlobalSection
EndGlobal
